
Microsoft Visual Studio Solution File, Format Version 12.00
# Visual Studio 15
VisualStudioVersion = 15.0.28010.2016
MinimumVisualStudioVersion = 10.0.40219.1
Project("{FAE04EC0-301F-11D3-BF4B-00C04F79EFBC}") = "XF.MVVMBasic.Android", "XF.MVVMBasic\XF.MVVMBasic.Android\XF.MVVMBasic.Android.csproj", "{FC705E4D-9FF7-49C2-8A36-72327780E85A}"
EndProject
Project("{FAE04EC0-301F-11D3-BF4B-00C04F79EFBC}") = "XF.MVVMBasic.iOS", "XF.MVVMBasic\XF.MVVMBasic.iOS\XF.MVVMBasic.iOS.csproj", "{6BFB0F47-6678-42C1-9856-D95330D3A674}"
EndProject
Project("{FAE04EC0-301F-11D3-BF4B-00C04F79EFBC}") = "XF.MVVMBasic", "XF.MVVMBasic\XF.MVVMBasic\XF.MVVMBasic.csproj", "{16631494-17D1-4588-92DD-5F3219327140}"
EndProject
Global
	GlobalSection(SolutionConfigurationPlatforms) = preSolution
		Ad-Hoc|Any CPU = Ad-Hoc|Any CPU
		Ad-Hoc|iPhone = Ad-Hoc|iPhone
		Ad-Hoc|iPhoneSimulator = Ad-Hoc|iPhoneSimulator
		AppStore|Any CPU = AppStore|Any CPU
		AppStore|iPhone = AppStore|iPhone
		AppStore|iPhoneSimulator = AppStore|iPhoneSimulator
		Debug|Any CPU = Debug|Any CPU
		Debug|iPhone = Debug|iPhone
		Debug|iPhoneSimulator = Debug|iPhoneSimulator
		Release|Any CPU = Release|Any CPU
		Release|iPhone = Release|iPhone
		Release|iPhoneSimulator = Release|iPhoneSimulator
	EndGlobalSection
	GlobalSection(ProjectConfigurationPlatforms) = postSolution
		{FC705E4D-9FF7-49C2-8A36-72327780E85A}.Ad-Hoc|Any CPU.ActiveCfg = Release|Any CPU
		{FC705E4D-9FF7-49C2-8A36-72327780E85A}.Ad-Hoc|Any CPU.Build.0 = Release|Any CPU
		{FC705E4D-9FF7-49C2-8A36-72327780E85A}.Ad-Hoc|Any CPU.Deploy.0 = Release|Any CPU
		{FC705E4D-9FF7-49C2-8A36-72327780E85A}.Ad-Hoc|iPhone.ActiveCfg = Release|Any CPU
		{FC705E4D-9FF7-49C2-8A36-72327780E85A}.Ad-Hoc|iPhone.Build.0 = Release|Any CPU
		{FC705E4D-9FF7-49C2-8A36-72327780E85A}.Ad-Hoc|iPhone.Deploy.0 = Release|Any CPU
		{FC705E4D-9FF7-49C2-8A36-72327780E85A}.Ad-Hoc|iPhoneSimulator.ActiveCfg = Release|Any CPU
		{FC705E4D-9FF7-49C2-8A36-72327780E85A}.Ad-Hoc|iPhoneSimulator.Build.0 = Release|Any CPU
		{FC705E4D-9FF7-49C2-8A36-72327780E85A}.Ad-Hoc|iPhoneSimulator.Deploy.0 = Release|Any CPU
		{FC705E4D-9FF7-49C2-8A36-72327780E85A}.AppStore|Any CPU.ActiveCfg = Release|Any CPU
		{FC705E4D-9FF7-49C2-8A36-72327780E85A}.AppStore|Any CPU.Build.0 = Release|Any CPU
		{FC705E4D-9FF7-49C2-8A36-72327780E85A}.AppStore|Any CPU.Deploy.0 = Release|Any CPU
		{FC705E4D-9FF7-49C2-8A36-72327780E85A}.AppStore|iPhone.ActiveCfg = Release|Any CPU
		{FC705E4D-9FF7-49C2-8A36-72327780E85A}.AppStore|iPhone.Build.0 = Release|Any CPU
		{FC705E4D-9FF7-49C2-8A36-72327780E85A}.AppStore|iPhone.Deploy.0 = Release|Any CPU
		{FC705E4D-9FF7-49C2-8A36-72327780E85A}.AppStore|iPhoneSimulator.ActiveCfg = Release|Any CPU
		{FC705E4D-9FF7-49C2-8A36-72327780E85A}.AppStore|iPhoneSimulator.Build.0 = Release|Any CPU
		{FC705E4D-9FF7-49C2-8A36-72327780E85A}.AppStore|iPhoneSimulator.Deploy.0 = Release|Any CPU
		{FC705E4D-9FF7-49C2-8A36-72327780E85A}.Debug|Any CPU.ActiveCfg = Debug|Any CPU
		{FC705E4D-9FF7-49C2-8A36-72327780E85A}.Debug|Any CPU.Build.0 = Debug|Any CPU
		{FC705E4D-9FF7-49C2-8A36-72327780E85A}.Debug|Any CPU.Deploy.0 = Debug|Any CPU
		{FC705E4D-9FF7-49C2-8A36-72327780E85A}.Debug|iPhone.ActiveCfg = Debug|Any CPU
		{FC705E4D-9FF7-49C2-8A36-72327780E85A}.Debug|iPhone.Build.0 = Debug|Any CPU
		{FC705E4D-9FF7-49C2-8A36-72327780E85A}.Debug|iPhone.Deploy.0 = Debug|Any CPU
		{FC705E4D-9FF7-49C2-8A36-72327780E85A}.Debug|iPhoneSimulator.ActiveCfg = Debug|Any CPU
		{FC705E4D-9FF7-49C2-8A36-72327780E85A}.Debug|iPhoneSimulator.Build.0 = Debug|Any CPU
		{FC705E4D-9FF7-49C2-8A36-72327780E85A}.Debug|iPhoneSimulator.Deploy.0 = Debug|Any CPU
		{FC705E4D-9FF7-49C2-8A36-72327780E85A}.Release|Any CPU.ActiveCfg = Release|Any CPU
		{FC705E4D-9FF7-49C2-8A36-72327780E85A}.Release|Any CPU.Build.0 = Release|Any CPU
		{FC705E4D-9FF7-49C2-8A36-72327780E85A}.Release|Any CPU.Deploy.0 = Release|Any CPU
		{FC705E4D-9FF7-49C2-8A36-72327780E85A}.Release|iPhone.ActiveCfg = Release|Any CPU
		{FC705E4D-9FF7-49C2-8A36-72327780E85A}.Release|iPhone.Build.0 = Release|Any CPU
		{FC705E4D-9FF7-49C2-8A36-72327780E85A}.Release|iPhone.Deploy.0 = Release|Any CPU
		{FC705E4D-9FF7-49C2-8A36-72327780E85A}.Release|iPhoneSimulator.ActiveCfg = Release|Any CPU
		{FC705E4D-9FF7-49C2-8A36-72327780E85A}.Release|iPhoneSimulator.Build.0 = Release|Any CPU
		{FC705E4D-9FF7-49C2-8A36-72327780E85A}.Release|iPhoneSimulator.Deploy.0 = Release|Any CPU
		{6BFB0F47-6678-42C1-9856-D95330D3A674}.Ad-Hoc|Any CPU.ActiveCfg = Ad-Hoc|iPhone
		{6BFB0F47-6678-42C1-9856-D95330D3A674}.Ad-Hoc|Any CPU.Build.0 = Ad-Hoc|iPhone
		{6BFB0F47-6678-42C1-9856-D95330D3A674}.Ad-Hoc|Any CPU.Deploy.0 = Ad-Hoc|iPhone
		{6BFB0F47-6678-42C1-9856-D95330D3A674}.Ad-Hoc|iPhone.ActiveCfg = Ad-Hoc|iPhone
		{6BFB0F47-6678-42C1-9856-D95330D3A674}.Ad-Hoc|iPhone.Build.0 = Ad-Hoc|iPhone
		{6BFB0F47-6678-42C1-9856-D95330D3A674}.Ad-Hoc|iPhone.Deploy.0 = Ad-Hoc|iPhone
		{6BFB0F47-6678-42C1-9856-D95330D3A674}.Ad-Hoc|iPhoneSimulator.ActiveCfg = Ad-Hoc|iPhoneSimulator
		{6BFB0F47-6678-42C1-9856-D95330D3A674}.Ad-Hoc|iPhoneSimulator.Build.0 = Ad-Hoc|iPhoneSimulator
		{6BFB0F47-6678-42C1-9856-D95330D3A674}.Ad-Hoc|iPhoneSimulator.Deploy.0 = Ad-Hoc|iPhoneSimulator
		{6BFB0F47-6678-42C1-9856-D95330D3A674}.AppStore|Any CPU.ActiveCfg = AppStore|iPhone
		{6BFB0F47-6678-42C1-9856-D95330D3A674}.AppStore|Any CPU.Build.0 = AppStore|iPhone
		{6BFB0F47-6678-42C1-9856-D95330D3A674}.AppStore|Any CPU.Deploy.0 = AppStore|iPhone
		{6BFB0F47-6678-42C1-9856-D95330D3A674}.AppStore|iPhone.ActiveCfg = AppStore|iPhone
		{6BFB0F47-6678-42C1-9856-D95330D3A674}.AppStore|iPhone.Build.0 = AppStore|iPhone
		{6BFB0F47-6678-42C1-9856-D95330D3A674}.AppStore|iPhone.Deploy.0 = AppStore|iPhone
		{6BFB0F47-6678-42C1-9856-D95330D3A674}.AppStore|iPhoneSimulator.ActiveCfg = AppStore|iPhoneSimulator
		{6BFB0F47-6678-42C1-9856-D95330D3A674}.AppStore|iPhoneSimulator.Build.0 = AppStore|iPhoneSimulator
		{6BFB0F47-6678-42C1-9856-D95330D3A674}.AppStore|iPhoneSimulator.Deploy.0 = AppStore|iPhoneSimulator
		{6BFB0F47-6678-42C1-9856-D95330D3A674}.Debug|Any CPU.ActiveCfg = Debug|iPhoneSimulator
		{6BFB0F47-6678-42C1-9856-D95330D3A674}.Debug|Any CPU.Build.0 = Debug|iPhoneSimulator
		{6BFB0F47-6678-42C1-9856-D95330D3A674}.Debug|Any CPU.Deploy.0 = Debug|iPhoneSimulator
		{6BFB0F47-6678-42C1-9856-D95330D3A674}.Debug|iPhone.ActiveCfg = Debug|iPhone
		{6BFB0F47-6678-42C1-9856-D95330D3A674}.Debug|iPhone.Build.0 = Debug|iPhone
		{6BFB0F47-6678-42C1-9856-D95330D3A674}.Debug|iPhone.Deploy.0 = Debug|iPhone
		{6BFB0F47-6678-42C1-9856-D95330D3A674}.Debug|iPhoneSimulator.ActiveCfg = Debug|iPhoneSimulator
		{6BFB0F47-6678-42C1-9856-D95330D3A674}.Debug|iPhoneSimulator.Build.0 = Debug|iPhoneSimulator
		{6BFB0F47-6678-42C1-9856-D95330D3A674}.Debug|iPhoneSimulator.Deploy.0 = Debug|iPhoneSimulator
		{6BFB0F47-6678-42C1-9856-D95330D3A674}.Release|Any CPU.ActiveCfg = Release|iPhone
		{6BFB0F47-6678-42C1-9856-D95330D3A674}.Release|Any CPU.Build.0 = Release|iPhone
		{6BFB0F47-6678-42C1-9856-D95330D3A674}.Release|Any CPU.Deploy.0 = Release|iPhone
		{6BFB0F47-6678-42C1-9856-D95330D3A674}.Release|iPhone.ActiveCfg = Release|iPhone
		{6BFB0F47-6678-42C1-9856-D95330D3A674}.Release|iPhone.Build.0 = Release|iPhone
		{6BFB0F47-6678-42C1-9856-D95330D3A674}.Release|iPhone.Deploy.0 = Release|iPhone
		{6BFB0F47-6678-42C1-9856-D95330D3A674}.Release|iPhoneSimulator.ActiveCfg = Release|iPhoneSimulator
		{6BFB0F47-6678-42C1-9856-D95330D3A674}.Release|iPhoneSimulator.Build.0 = Release|iPhoneSimulator
		{6BFB0F47-6678-42C1-9856-D95330D3A674}.Release|iPhoneSimulator.Deploy.0 = Release|iPhoneSimulator
		{16631494-17D1-4588-92DD-5F3219327140}.Ad-Hoc|Any CPU.ActiveCfg = Debug|Any CPU
		{16631494-17D1-4588-92DD-5F3219327140}.Ad-Hoc|Any CPU.Build.0 = Debug|Any CPU
		{16631494-17D1-4588-92DD-5F3219327140}.Ad-Hoc|Any CPU.Deploy.0 = Debug|Any CPU
		{16631494-17D1-4588-92DD-5F3219327140}.Ad-Hoc|iPhone.ActiveCfg = Debug|Any CPU
		{16631494-17D1-4588-92DD-5F3219327140}.Ad-Hoc|iPhone.Build.0 = Debug|Any CPU
		{16631494-17D1-4588-92DD-5F3219327140}.Ad-Hoc|iPhone.Deploy.0 = Debug|Any CPU
		{16631494-17D1-4588-92DD-5F3219327140}.Ad-Hoc|iPhoneSimulator.ActiveCfg = Debug|Any CPU
		{16631494-17D1-4588-92DD-5F3219327140}.Ad-Hoc|iPhoneSimulator.Build.0 = Debug|Any CPU
		{16631494-17D1-4588-92DD-5F3219327140}.Ad-Hoc|iPhoneSimulator.Deploy.0 = Debug|Any CPU
		{16631494-17D1-4588-92DD-5F3219327140}.AppStore|Any CPU.ActiveCfg = Debug|Any CPU
		{16631494-17D1-4588-92DD-5F3219327140}.AppStore|Any CPU.Build.0 = Debug|Any CPU
		{16631494-17D1-4588-92DD-5F3219327140}.AppStore|Any CPU.Deploy.0 = Debug|Any CPU
		{16631494-17D1-4588-92DD-5F3219327140}.AppStore|iPhone.ActiveCfg = Debug|Any CPU
		{16631494-17D1-4588-92DD-5F3219327140}.AppStore|iPhone.Build.0 = Debug|Any CPU
		{16631494-17D1-4588-92DD-5F3219327140}.AppStore|iPhone.Deploy.0 = Debug|Any CPU
		{16631494-17D1-4588-92DD-5F3219327140}.AppStore|iPhoneSimulator.ActiveCfg = Debug|Any CPU
		{16631494-17D1-4588-92DD-5F3219327140}.AppStore|iPhoneSimulator.Build.0 = Debug|Any CPU
		{16631494-17D1-4588-92DD-5F3219327140}.AppStore|iPhoneSimulator.Deploy.0 = Debug|Any CPU
		{16631494-17D1-4588-92DD-5F3219327140}.Debug|Any CPU.ActiveCfg = Debug|Any CPU
		{16631494-17D1-4588-92DD-5F3219327140}.Debug|Any CPU.Build.0 = Debug|Any CPU
		{16631494-17D1-4588-92DD-5F3219327140}.Debug|Any CPU.Deploy.0 = Debug|Any CPU
		{16631494-17D1-4588-92DD-5F3219327140}.Debug|iPhone.ActiveCfg = Debug|Any CPU
		{16631494-17D1-4588-92DD-5F3219327140}.Debug|iPhone.Build.0 = Debug|Any CPU
		{16631494-17D1-4588-92DD-5F3219327140}.Debug|iPhone.Deploy.0 = Debug|Any CPU
		{16631494-17D1-4588-92DD-5F3219327140}.Debug|iPhoneSimulator.ActiveCfg = Debug|Any CPU
		{16631494-17D1-4588-92DD-5F3219327140}.Debug|iPhoneSimulator.Build.0 = Debug|Any CPU
		{16631494-17D1-4588-92DD-5F3219327140}.Debug|iPhoneSimulator.Deploy.0 = Debug|Any CPU
		{16631494-17D1-4588-92DD-5F3219327140}.Release|Any CPU.ActiveCfg = Release|Any CPU
		{16631494-17D1-4588-92DD-5F3219327140}.Release|Any CPU.Build.0 = Release|Any CPU
		{16631494-17D1-4588-92DD-5F3219327140}.Release|Any CPU.Deploy.0 = Release|Any CPU
		{16631494-17D1-4588-92DD-5F3219327140}.Release|iPhone.ActiveCfg = Release|Any CPU
		{16631494-17D1-4588-92DD-5F3219327140}.Release|iPhone.Build.0 = Release|Any CPU
		{16631494-17D1-4588-92DD-5F3219327140}.Release|iPhone.Deploy.0 = Release|Any CPU
		{16631494-17D1-4588-92DD-5F3219327140}.Release|iPhoneSimulator.ActiveCfg = Release|Any CPU
		{16631494-17D1-4588-92DD-5F3219327140}.Release|iPhoneSimulator.Build.0 = Release|Any CPU
		{16631494-17D1-4588-92DD-5F3219327140}.Release|iPhoneSimulator.Deploy.0 = Release|Any CPU
	EndGlobalSection
	GlobalSection(SolutionProperties) = preSolution
		HideSolutionNode = FALSE
	EndGlobalSection
	GlobalSection(ExtensibilityGlobals) = postSolution
		SolutionGuid = {5E02F5EA-A342-4C1A-B609-5AC5512B5A8E}
	EndGlobalSection
EndGlobal
